version: 0
generated_at: 2026-04-25T07:35:17Z
plugins:
    bar:
        version: 0.1.0
        source:
        sha256: a8076d3d28d21e02012b20eaf7dbf75409a6277134439025f282e368e3305abf
    baz:
        version: 0.1.0
        source:
        sha256: a8076d3d28d21e02012b20eaf7dbf75409a6277134439025f282e368e3305abf
    local-plugin:
        version: 2.0.0
        source:
        sha256: 3daa8de712b388b1e58c1daff3bd5fd840d3208f5110b9c4574a9e00106ef7bc
    myplugin:
        version: 1.0.0
        source:
        sha256: b4d644d4279594903f1a9911956432d9473041f2984fc6014c14d7402c7d126c
